
Microsoft Visual Studio Solution File, Format Version 12.00
# Visual Studio Version 17
VisualStudioVersion = 17.14.37516.0
MinimumVisualStudioVersion = 10.0.40219.1
Project("{2150E333-8FDC-42A3-9474-1A3956D46DE8}") = "src", "src", "{02EA681E-C7D8-13C7-8484-4AC65E1B71E8}"
EndProject
Project("{FAE04EC0-301F-11D3-BF4B-00C04F79EFBC}") = "web.api", "src\web.api\web.api.csproj", "{141E5A4F-A98E-1E94-E0C1-0FF4E4A962B9}"
EndProject
Project("{FAE04EC0-301F-11D3-BF4B-00C04F79EFBC}") = "Application", "src\Application\Application.csproj", "{F890733D-03D7-4331-9453-7F66B80D8E90}"
EndProject
Project("{FAE04EC0-301F-11D3-BF4B-00C04F79EFBC}") = "Domain", "src\Domain\Domain.csproj", "{7DEAF0E6-D166-4C5D-9F62-BDC7F7D41DE1}"
EndProject
Project("{FAE04EC0-301F-11D3-BF4B-00C04F79EFBC}") = "Infrastructure", "src\Infrastructure\Infrastructure.csproj", "{58E4FD9F-980B-4A05-9E72-CE371F2B21C8}"
EndProject
Global
	GlobalSection(SolutionConfigurationPlatforms) = preSolution
		Debug|Any CPU = Debug|Any CPU
		Release|Any CPU = Release|Any CPU
	EndGlobalSection
	GlobalSection(ProjectConfigurationPlatforms) = postSolution
		{141E5A4F-A98E-1E94-E0C1-0FF4E4A962B9}.Debug|Any CPU.ActiveCfg = Debug|Any CPU
		{141E5A4F-A98E-1E94-E0C1-0FF4E4A962B9}.Debug|Any CPU.Build.0 = Debug|Any CPU
		{141E5A4F-A98E-1E94-E0C1-0FF4E4A962B9}.Release|Any CPU.ActiveCfg = Release|Any CPU
		{141E5A4F-A98E-1E94-E0C1-0FF4E4A962B9}.Release|Any CPU.Build.0 = Release|Any CPU
		{F890733D-03D7-4331-9453-7F66B80D8E90}.Debug|Any CPU.ActiveCfg = Debug|Any CPU
		{F890733D-03D7-4331-9453-7F66B80D8E90}.Debug|Any CPU.Build.0 = Debug|Any CPU
		{F890733D-03D7-4331-9453-7F66B80D8E90}.Release|Any CPU.ActiveCfg = Release|Any CPU
		{F890733D-03D7-4331-9453-7F66B80D8E90}.Release|Any CPU.Build.0 = Release|Any CPU
		{7DEAF0E6-D166-4C5D-9F62-BDC7F7D41DE1}.Debug|Any CPU.ActiveCfg = Debug|Any CPU
		{7DEAF0E6-D166-4C5D-9F62-BDC7F7D41DE1}.Debug|Any CPU.Build.0 = Debug|Any CPU
		{7DEAF0E6-D166-4C5D-9F62-BDC7F7D41DE1}.Release|Any CPU.ActiveCfg = Release|Any CPU
		{7DEAF0E6-D166-4C5D-9F62-BDC7F7D41DE1}.Release|Any CPU.Build.0 = Release|Any CPU
		{58E4FD9F-980B-4A05-9E72-CE371F2B21C8}.Debug|Any CPU.ActiveCfg = Debug|Any CPU
		{58E4FD9F-980B-4A05-9E72-CE371F2B21C8}.Debug|Any CPU.Build.0 = Debug|Any CPU
		{58E4FD9F-980B-4A05-9E72-CE371F2B21C8}.Release|Any CPU.ActiveCfg = Release|Any CPU
		{58E4FD9F-980B-4A05-9E72-CE371F2B21C8}.Release|Any CPU.Build.0 = Release|Any CPU
	EndGlobalSection
	GlobalSection(SolutionProperties) = preSolution
		HideSolutionNode = FALSE
	EndGlobalSection
	GlobalSection(NestedProjects) = preSolution
		{F890733D-03D7-4331-9453-7F66B80D8E90} = {02EA681E-C7D8-13C7-8484-4AC65E1B71E8}
		{7DEAF0E6-D166-4C5D-9F62-BDC7F7D41DE1} = {02EA681E-C7D8-13C7-8484-4AC65E1B71E8}
		{58E4FD9F-980B-4A05-9E72-CE371F2B21C8} = {02EA681E-C7D8-13C7-8484-4AC65E1B71E8}
	EndGlobalSection
	GlobalSection(ExtensibilityGlobals) = postSolution
		SolutionGuid = {61D0F2BB-0110-4C24-8BF7-B6F42F91B226}
	EndGlobalSection
EndGlobal
