
Microsoft Visual Studio Solution File, Format Version 12.00
# Visual Studio Version 17
VisualStudioVersion = 17.14.37516.0
MinimumVisualStudioVersion = 10.0.40219.1
Project("{2150E333-8FDC-42A3-9474-1A3956D46DE8}") = "src", "src", "{02EA681E-C7D8-13C7-8484-4AC65E1B71E8}"
EndProject
Project("{FAE04EC0-301F-11D3-BF4B-00C04F79EFBC}") = "web.api", "src\web.api\web.api.csproj", "{141E5A4F-A98E-1E94-E0C1-0FF4E4A962B9}"
EndProject
Project("{FAE04EC0-301F-11D3-BF4B-00C04F79EFBC}") = "Domain", "src\Domain\Domain.csproj", "{35414031-075E-442B-A18E-A098538734B8}"
EndProject
Project("{FAE04EC0-301F-11D3-BF4B-00C04F79EFBC}") = "Infrastructure", "src\Infrastructure\Infrastructure.csproj", "{2077366B-EEAC-43B3-BF5F-7CA4ADB957C4}"
EndProject
Project("{FAE04EC0-301F-11D3-BF4B-00C04F79EFBC}") = "Application", "src\Application\Application.csproj", "{EF8D5176-3514-4DC5-92AE-DB211DAD065E}"
EndProject
Global
	GlobalSection(SolutionConfigurationPlatforms) = preSolution
		Debug|Any CPU = Debug|Any CPU
		Release|Any CPU = Release|Any CPU
	EndGlobalSection
	GlobalSection(ProjectConfigurationPlatforms) = postSolution
		{141E5A4F-A98E-1E94-E0C1-0FF4E4A962B9}.Debug|Any CPU.ActiveCfg = Debug|Any CPU
		{141E5A4F-A98E-1E94-E0C1-0FF4E4A962B9}.Debug|Any CPU.Build.0 = Debug|Any CPU
		{141E5A4F-A98E-1E94-E0C1-0FF4E4A962B9}.Release|Any CPU.ActiveCfg = Release|Any CPU
		{141E5A4F-A98E-1E94-E0C1-0FF4E4A962B9}.Release|Any CPU.Build.0 = Release|Any CPU
		{35414031-075E-442B-A18E-A098538734B8}.Debug|Any CPU.ActiveCfg = Debug|Any CPU
		{35414031-075E-442B-A18E-A098538734B8}.Debug|Any CPU.Build.0 = Debug|Any CPU
		{35414031-075E-442B-A18E-A098538734B8}.Release|Any CPU.ActiveCfg = Release|Any CPU
		{35414031-075E-442B-A18E-A098538734B8}.Release|Any CPU.Build.0 = Release|Any CPU
		{2077366B-EEAC-43B3-BF5F-7CA4ADB957C4}.Debug|Any CPU.ActiveCfg = Debug|Any CPU
		{2077366B-EEAC-43B3-BF5F-7CA4ADB957C4}.Debug|Any CPU.Build.0 = Debug|Any CPU
		{2077366B-EEAC-43B3-BF5F-7CA4ADB957C4}.Release|Any CPU.ActiveCfg = Release|Any CPU
		{2077366B-EEAC-43B3-BF5F-7CA4ADB957C4}.Release|Any CPU.Build.0 = Release|Any CPU
		{EF8D5176-3514-4DC5-92AE-DB211DAD065E}.Debug|Any CPU.ActiveCfg = Debug|Any CPU
		{EF8D5176-3514-4DC5-92AE-DB211DAD065E}.Debug|Any CPU.Build.0 = Debug|Any CPU
		{EF8D5176-3514-4DC5-92AE-DB211DAD065E}.Release|Any CPU.ActiveCfg = Release|Any CPU
		{EF8D5176-3514-4DC5-92AE-DB211DAD065E}.Release|Any CPU.Build.0 = Release|Any CPU
	EndGlobalSection
	GlobalSection(SolutionProperties) = preSolution
		HideSolutionNode = FALSE
	EndGlobalSection
	GlobalSection(NestedProjects) = preSolution
		{35414031-075E-442B-A18E-A098538734B8} = {02EA681E-C7D8-13C7-8484-4AC65E1B71E8}
		{2077366B-EEAC-43B3-BF5F-7CA4ADB957C4} = {02EA681E-C7D8-13C7-8484-4AC65E1B71E8}
		{EF8D5176-3514-4DC5-92AE-DB211DAD065E} = {02EA681E-C7D8-13C7-8484-4AC65E1B71E8}
	EndGlobalSection
	GlobalSection(ExtensibilityGlobals) = postSolution
		SolutionGuid = {61D0F2BB-0110-4C24-8BF7-B6F42F91B226}
	EndGlobalSection
EndGlobal
